Microsoft Visual Studio Solution File, Format Version 11.00
# Visual Studio 2008

Project("{465DB907-EBA0-B512-DF85-C1CD7A2DD334}") = "afterMath", "Assembly-CSharp-firstpass.csproj", "{168E8D23-CB74-FE9E-0F7A-9B0BB9E747CF}"
EndProject
Project("{465DB907-EBA0-B512-DF85-C1CD7A2DD334}") = "afterMath", "Assembly-CSharp.csproj", "{76C39BE7-E094-6562-47FA-B2DC6EACD36D}"
EndProject
Project("{465DB907-EBA0-B512-DF85-C1CD7A2DD334}") = "afterMath", "Assembly-UnityScript-firstpass.unityproj", "{86F717FA-D180-1E36-A4A0-34F7E59BD1B9}"
EndProject
Project("{465DB907-EBA0-B512-DF85-C1CD7A2DD334}") = "afterMath", "Assembly-UnityScript.unityproj", "{7BFDE756-1ED8-58AD-CF43-C1C224C75E58}"
EndProject
Global
	GlobalSection(SolutionConfigurationPlatforms) = preSolution
		Debug|Any CPU = Debug|Any CPU
		Release|Any CPU = Release|Any CPU
	EndGlobalSection
	GlobalSection(ProjectConfigurationPlatforms) = postSolution
		{168E8D23-CB74-FE9E-0F7A-9B0BB9E747CF}.Debug|Any CPU.ActiveCfg = Debug|Any CPU
		{168E8D23-CB74-FE9E-0F7A-9B0BB9E747CF}.Debug|Any CPU.Build.0 = Debug|Any CPU
		{168E8D23-CB74-FE9E-0F7A-9B0BB9E747CF}.Release|Any CPU.ActiveCfg = Release|Any CPU
		{168E8D23-CB74-FE9E-0F7A-9B0BB9E747CF}.Release|Any CPU.Build.0 = Release|Any CPU
		{76C39BE7-E094-6562-47FA-B2DC6EACD36D}.Debug|Any CPU.ActiveCfg = Debug|Any CPU
		{76C39BE7-E094-6562-47FA-B2DC6EACD36D}.Debug|Any CPU.Build.0 = Debug|Any CPU
		{76C39BE7-E094-6562-47FA-B2DC6EACD36D}.Release|Any CPU.ActiveCfg = Release|Any CPU
		{76C39BE7-E094-6562-47FA-B2DC6EACD36D}.Release|Any CPU.Build.0 = Release|Any CPU
		{86F717FA-D180-1E36-A4A0-34F7E59BD1B9}.Debug|Any CPU.ActiveCfg = Debug|Any CPU
		{86F717FA-D180-1E36-A4A0-34F7E59BD1B9}.Debug|Any CPU.Build.0 = Debug|Any CPU
		{86F717FA-D180-1E36-A4A0-34F7E59BD1B9}.Release|Any CPU.ActiveCfg = Release|Any CPU
		{86F717FA-D180-1E36-A4A0-34F7E59BD1B9}.Release|Any CPU.Build.0 = Release|Any CPU
		{7BFDE756-1ED8-58AD-CF43-C1C224C75E58}.Debug|Any CPU.ActiveCfg = Debug|Any CPU
		{7BFDE756-1ED8-58AD-CF43-C1C224C75E58}.Debug|Any CPU.Build.0 = Debug|Any CPU
		{7BFDE756-1ED8-58AD-CF43-C1C224C75E58}.Release|Any CPU.ActiveCfg = Release|Any CPU
		{7BFDE756-1ED8-58AD-CF43-C1C224C75E58}.Release|Any CPU.Build.0 = Release|Any CPU
	EndGlobalSection
	GlobalSection(SolutionProperties) = preSolution
		HideSolutionNode = FALSE
	EndGlobalSection
																																																																													GlobalSection(MonoDevelopProperties) = preSolution
		StartupItem = Assembly-CSharp.csproj
		Policies = $0
		$0.TextStylePolicy = $1
		$1.inheritsSet = null
		$1.scope = text/x-csharp
		$0.CSharpFormattingPolicy = $2
		$2.inheritsSet = Mono
		$2.inheritsScope = text/x-csharp
		$2.scope = text/x-csharp
		$0.TextStylePolicy = $3
		$3.FileWidth = 120
		$3.TabWidth = 4
		$3.EolMarker = Unix
		$3.inheritsSet = Mono
		$3.inheritsScope = text/plain
		$3.scope = text/plain
	EndGlobalSection

EndGlobal
